// !$*UTF8*$!
{
	archiveVersion = 1;
	classes = {
	};
	objectVersion = 46;
	objects = {

/* Begin PBXBuildFile section */
		763307221E65929800E695A3 /* AppDelegate.swift in Sources */ = {isa = PBXBuildFile; fileRef = 763307211E65929800E695A3 /* AppDelegate.swift */; };
		763307241E65929800E695A3 /* CalculatorViewController.swift in Sources */ = {isa = PBXBuildFile; fileRef = 763307231E65929800E695A3 /* CalculatorViewController.swift */; };
		763307291E65929800E695A3 /* Assets.xcassets in Resources */ = {isa = PBXBuildFile; fileRef = 763307281E65929800E695A3 /* Assets.xcassets */; };
		763307371E65929800E695A3 /* CalculatorTests.swift in Sources */ = {isa = PBXBuildFile; fileRef = 763307361E65929800E695A3 /* CalculatorTests.swift */; };
		763307421E65929800E695A3 /* CalculatorUITests.swift in Sources */ = {isa = PBXBuildFile; fileRef = 763307411E65929800E695A3 /* CalculatorUITests.swift */; };
		763307511E65AD8900E695A3 /* CalculatorBrain.swift in Sources */ = {isa = PBXBuildFile; fileRef = 763307501E65AD8900E695A3 /* CalculatorBrain.swift */; };
		F10E05821E89CCE1005A6DEA /* GraphicView.swift in Sources */ = {isa = PBXBuildFile; fileRef = F10E05811E89CCE1005A6DEA /* GraphicView.swift */; };
		F10E05841E89CD25005A6DEA /* GraphicViewController.swift in Sources */ = {isa = PBXBuildFile; fileRef = F10E05831E89CD25005A6DEA /* GraphicViewController.swift */; };
		F10E05861E89CEFF005A6DEA /* AxesDrawer.swift in Sources */ = {isa = PBXBuildFile; fileRef = F10E05851E89CEFF005A6DEA /* AxesDrawer.swift */; };
		F19B96801E85A325007CC490 /* LaunchScreen.storyboard in Resources */ = {isa = PBXBuildFile; fileRef = F19B967C1E85A325007CC490 /* LaunchScreen.storyboard */; };
		F1B049881E89C76500CA38D8 /* Main.storyboard in Resources */ = {isa = PBXBuildFile; fileRef = F1B049861E89C76500CA38D8 /* Main.storyboard */; };
/* End PBXBuildFile section */

/* Begin PBXContainerItemProxy section */
		763307331E65929800E695A3 /* PBXContainerItemProxy */ = {
			isa = PBXContainerItemProxy;
			containerPortal = 763307161E65929700E695A3 /* Project object */;
			proxyType = 1;
			remoteGlobalIDString = 7633071D1E65929800E695A3;
			remoteInfo = Calculator;
		};
		7633073E1E65929800E695A3 /* PBXContainerItemProxy */ = {
			isa = PBXContainerItemProxy;
			containerPortal = 763307161E65929700E695A3 /* Project object */;
			proxyType = 1;
			remoteGlobalIDString = 7633071D1E65929800E695A3;
			remoteInfo = Calculator;
		};
/* End PBXContainerItemProxy section */

/* Begin PBXFileReference section */
		7633071E1E65929800E695A3 /* Calculator.app */ = {isa = PBXFileReference; explicitFileType = wrapper.application; includeInIndex = 0; path = Calculator.app; sourceTree = BUILT_PRODUCTS_DIR; };
		763307211E65929800E695A3 /* AppDelegate.swift */ = {isa = PBXFileReference; lastKnownFileType = sourcecode.swift; path = AppDelegate.swift; sourceTree = "<group>"; };
		763307231E65929800E695A3 /* CalculatorViewController.swift */ = {isa = PBXFileReference; lastKnownFileType = sourcecode.swift; path = CalculatorViewController.swift; sourceTree = "<group>"; };
		763307281E65929800E695A3 /* Assets.xcassets */ = {isa = PBXFileReference; lastKnownFileType = folder.assetcatalog; path = Assets.xcassets; sourceTree = "<group>"; };
		7633072D1E65929800E695A3 /* Info.plist */ = {isa = PBXFileReference; lastKnownFileType = text.plist.xml; path = Info.plist; sourceTree = "<group>"; };
		763307321E65929800E695A3 /* CalculatorTests.xctest */ = {isa = PBXFileReference; explicitFileType = wrapper.cfbundle; includeInIndex = 0; path = CalculatorTests.xctest; sourceTree = BUILT_PRODUCTS_DIR; };
		763307361E65929800E695A3 /* CalculatorTests.swift */ = {isa = PBXFileReference; lastKnownFileType = sourcecode.swift; path = CalculatorTests.swift; sourceTree = "<group>"; };
		763307381E65929800E695A3 /* Info.plist */ = {isa = PBXFileReference; lastKnownFileType = text.plist.xml; path = Info.plist; sourceTree = "<group>"; };
		7633073D1E65929800E695A3 /* CalculatorUITests.xctest */ = {isa = PBXFileReference; explicitFileType = wrapper.cfbundle; includeInIndex = 0; path = CalculatorUITests.xctest; sourceTree = BUILT_PRODUCTS_DIR; };
		763307411E65929800E695A3 /* CalculatorUITests.swift */ = {isa = PBXFileReference; lastKnownFileType = sourcecode.swift; path = CalculatorUITests.swift; sourceTree = "<group>"; };
		763307431E65929800E695A3 /* Info.plist */ = {isa = PBXFileReference; lastKnownFileType = text.plist.xml; path = Info.plist; sourceTree = "<group>"; };
		763307501E65AD8900E695A3 /* CalculatorBrain.swift */ = {isa = PBXFileReference; fileEncoding = 4; lastKnownFileType = sourcecode.swift; path = CalculatorBrain.swift; sourceTree = "<group>"; };
		F10E05811E89CCE1005A6DEA /* GraphicView.swift */ = {isa = PBXFileReference; fileEncoding = 4; lastKnownFileType = sourcecode.swift; path = GraphicView.swift; sourceTree = "<group>"; };
		F10E05831E89CD25005A6DEA /* GraphicViewController.swift */ = {isa = PBXFileReference; fileEncoding = 4; lastKnownFileType = sourcecode.swift; path = GraphicViewController.swift; sourceTree = "<group>"; };
		F10E05851E89CEFF005A6DEA /* AxesDrawer.swift */ = {isa = PBXFileReference; fileEncoding = 4; lastKnownFileType = sourcecode.swift; path = AxesDrawer.swift; sourceTree = "<group>"; };
		F19B967D1E85A325007CC490 /* Base */ = {isa = PBXFileReference; lastKnownFileType = file.storyboard; name = Base; path = Base.lproj/LaunchScreen.storyboard; sourceTree = "<group>"; };
		F1B049871E89C76500CA38D8 /* Base */ = {isa = PBXFileReference; lastKnownFileType = file.storyboard; name = Base; path = Base.lproj/Main.storyboard; sourceTree = "<group>"; };
/* End PBXFileReference section */

/* Begin PBXFrameworksBuildPhase section */
		7633071B1E65929800E695A3 /* Frameworks */ = {
			isa = PBXFrameworksBuildPhase;
			buildActionMask = 2147483647;
			files = (
			);
			runOnlyForDeploymentPostprocessing = 0;
		};
		7633072F1E65929800E695A3 /* Frameworks */ = {
			isa = PBXFrameworksBuildPhase;
			buildActionMask = 2147483647;
			files = (
			);
			runOnlyForDeploymentPostprocessing = 0;
		};
		7633073A1E65929800E695A3 /* Frameworks */ = {
			isa = PBXFrameworksBuildPhase;
			buildActionMask = 2147483647;
			files = (
			);
			runOnlyForDeploymentPostprocessing = 0;
		};
/* End PBXFrameworksBuildPhase section */

/* Begin PBXGroup section */
		763307151E65929700E695A3 = {
			isa = PBXGroup;
			children = (
				763307201E65929800E695A3 /* Calculator */,
				763307351E65929800E695A3 /* CalculatorTests */,
				763307401E65929800E695A3 /* CalculatorUITests */,
				7633071F1E65929800E695A3 /* Products */,
			);
			sourceTree = "<group>";
		};
		7633071F1E65929800E695A3 /* Products */ = {
			isa = PBXGroup;
			children = (
				7633071E1E65929800E695A3 /* Calculator.app */,
				763307321E65929800E695A3 /* CalculatorTests.xctest */,
				7633073D1E65929800E695A3 /* CalculatorUITests.xctest */,
			);
			name = Products;
			sourceTree = "<group>";
		};
		763307201E65929800E695A3 /* Calculator */ = {
			isa = PBXGroup;
			children = (
				7633074F1E65938A00E695A3 /* Supporting Files */,
				F1D665841E88877A00312462 /* Controller */,
				F1D665851E88878400312462 /* Model */,
				F1D665861E88878C00312462 /* View */,
			);
			path = Calculator;
			sourceTree = "<group>";
		};
		763307351E65929800E695A3 /* CalculatorTests */ = {
			isa = PBXGroup;
			children = (
				763307361E65929800E695A3 /* CalculatorTests.swift */,
				763307381E65929800E695A3 /* Info.plist */,
			);
			path = CalculatorTests;
			sourceTree = "<group>";
		};
		763307401E65929800E695A3 /* CalculatorUITests */ = {
			isa = PBXGroup;
			children = (
				763307411E65929800E695A3 /* CalculatorUITests.swift */,
				763307431E65929800E695A3 /* Info.plist */,
			);
			path = CalculatorUITests;
			sourceTree = "<group>";
		};
		7633074F1E65938A00E695A3 /* Supporting Files */ = {
			isa = PBXGroup;
			children = (
				F19B967C1E85A325007CC490 /* LaunchScreen.storyboard */,
				763307211E65929800E695A3 /* AppDelegate.swift */,
				763307281E65929800E695A3 /* Assets.xcassets */,
				7633072D1E65929800E695A3 /* Info.plist */,
				F10E05851E89CEFF005A6DEA /* AxesDrawer.swift */,
			);
			name = "Supporting Files";
			sourceTree = "<group>";
		};
		F1D665841E88877A00312462 /* Controller */ = {
			isa = PBXGroup;
			children = (
				763307231E65929800E695A3 /* CalculatorViewController.swift */,
				F10E05831E89CD25005A6DEA /* GraphicViewController.swift */,
			);
			name = Controller;
			sourceTree = "<group>";
		};
		F1D665851E88878400312462 /* Model */ = {
			isa = PBXGroup;
			children = (
				763307501E65AD8900E695A3 /* CalculatorBrain.swift */,
			);
			name = Model;
			sourceTree = "<group>";
		};
		F1D665861E88878C00312462 /* View */ = {
			isa = PBXGroup;
			children = (
				F1B049861E89C76500CA38D8 /* Main.storyboard */,
				F10E05811E89CCE1005A6DEA /* GraphicView.swift */,
			);
			name = View;
			sourceTree = "<group>";
		};
/* End PBXGroup section */

/* Begin PBXNativeTarget section */
		7633071D1E65929800E695A3 /* Calculator */ = {
			isa = PBXNativeTarget;
			buildConfigurationList = 763307461E65929800E695A3 /* Build configuration list for PBXNativeTarget "Calculator" */;
			buildPhases = (
				7633071A1E65929800E695A3 /* Sources */,
				7633071B1E65929800E695A3 /* Frameworks */,
				7633071C1E65929800E695A3 /* Resources */,
			);
			buildRules = (
			);
			dependencies = (
			);
			name = Calculator;
			productName = Calculator;
			productReference = 7633071E1E65929800E695A3 /* Calculator.app */;
			productType = "com.apple.product-type.application";
		};
		763307311E65929800E695A3 /* CalculatorTests */ = {
			isa = PBXNativeTarget;
			buildConfigurationList = 763307491E65929800E695A3 /* Build configuration list for PBXNativeTarget "CalculatorTests" */;
			buildPhases = (
				7633072E1E65929800E695A3 /* Sources */,
				7633072F1E65929800E695A3 /* Frameworks */,
				763307301E65929800E695A3 /* Resources */,
			);
			buildRules = (
			);
			dependencies = (
				763307341E65929800E695A3 /* PBXTargetDependency */,
			);
			name = CalculatorTests;
			productName = CalculatorTests;
			productReference = 763307321E65929800E695A3 /* CalculatorTests.xctest */;
			productType = "com.apple.product-type.bundle.unit-test";
		};
		7633073C1E65929800E695A3 /* CalculatorUITests */ = {
			isa = PBXNativeTarget;
			buildConfigurationList = 7633074C1E65929800E695A3 /* Build configuration list for PBXNativeTarget "CalculatorUITests" */;
			buildPhases = (
				763307391E65929800E695A3 /* Sources */,
				7633073A1E65929800E695A3 /* Frameworks */,
				7633073B1E65929800E695A3 /* Resources */,
			);
			buildRules = (
			);
			dependencies = (
				7633073F1E65929800E695A3 /* PBXTargetDependency */,
			);
			name = CalculatorUITests;
			productName = CalculatorUITests;
			productReference = 7633073D1E65929800E695A3 /* CalculatorUITests.xctest */;
			productType = "com.apple.product-type.bundle.ui-testing";
		};
/* End PBXNativeTarget section */

/* Begin PBXProject section */
		763307161E65929700E695A3 /* Project object */ = {
			isa = PBXProject;
			attributes = {
				LastSwiftUpdateCheck = 0720;
				LastUpgradeCheck = 0820;
				ORGANIZATIONNAME = GroupeEfrei;
				TargetAttributes = {
					7633071D1E65929800E695A3 = {
						CreatedOnToolsVersion = 7.2.1;
						LastSwiftMigration = 0820;
					};
					763307311E65929800E695A3 = {
						CreatedOnToolsVersion = 7.2.1;
						LastSwiftMigration = 0820;
						TestTargetID = 7633071D1E65929800E695A3;
					};
					7633073C1E65929800E695A3 = {
						CreatedOnToolsVersion = 7.2.1;
						LastSwiftMigration = 0820;
						TestTargetID = 7633071D1E65929800E695A3;
					};
				};
			};
			buildConfigurationList = 763307191E65929700E695A3 /* Build configuration list for PBXProject "Calculator" */;
			compatibilityVersion = "Xcode 3.2";
			developmentRegion = English;
			hasScannedForEncodings = 0;
			knownRegions = (
				en,
				Base,
			);
			mainGroup = 763307151E65929700E695A3;
			productRefGroup = 7633071F1E65929800E695A3 /* Products */;
			projectDirPath = "";
			projectRoot = "";
			targets = (
				7633071D1E65929800E695A3 /* Calculator */,
				763307311E65929800E695A3 /* CalculatorTests */,
				7633073C1E65929800E695A3 /* CalculatorUITests */,
			);
		};
/* End PBXProject section */

/* Begin PBXResourcesBuildPhase section */
		7633071C1E65929800E695A3 /* Resources */ = {
			isa = PBXResourcesBuildPhase;
			buildActionMask = 2147483647;
			files = (
				F1B049881E89C76500CA38D8 /* Main.storyboard in Resources */,
				763307291E65929800E695A3 /* Assets.xcassets in Resources */,
				F19B96801E85A325007CC490 /* LaunchScreen.storyboard in Resources */,
			);
			runOnlyForDeploymentPostprocessing = 0;
		};
		763307301E65929800E695A3 /* Resources */ = {
			isa = PBXResourcesBuildPhase;
			buildActionMask = 2147483647;
			files = (
			);
			runOnlyForDeploymentPostprocessing = 0;
		};
		7633073B1E65929800E695A3 /* Resources */ = {
			isa = PBXResourcesBuildPhase;
			buildActionMask = 2147483647;
			files = (
			);
			runOnlyForDeploymentPostprocessing = 0;
		};
/* End PBXResourcesBuildPhase section */

/* Begin PBXSourcesBuildPhase section */
		7633071A1E65929800E695A3 /* Sources */ = {
			isa = PBXSourcesBuildPhase;
			buildActionMask = 2147483647;
			files = (
				763307511E65AD8900E695A3 /* CalculatorBrain.swift in Sources */,
				F10E05841E89CD25005A6DEA /* GraphicViewController.swift in Sources */,
				763307241E65929800E695A3 /* CalculatorViewController.swift in Sources */,
				763307221E65929800E695A3 /* AppDelegate.swift in Sources */,
				F10E05861E89CEFF005A6DEA /* AxesDrawer.swift in Sources */,
				F10E05821E89CCE1005A6DEA /* GraphicView.swift in Sources */,
			);
			runOnlyForDeploymentPostprocessing = 0;
		};
		7633072E1E65929800E695A3 /* Sources */ = {
			isa = PBXSourcesBuildPhase;
			buildActionMask = 2147483647;
			files = (
				763307371E65929800E695A3 /* CalculatorTests.swift in Sources */,
			);
			runOnlyForDeploymentPostprocessing = 0;
		};
		763307391E65929800E695A3 /* Sources */ = {
			isa = PBXSourcesBuildPhase;
			buildActionMask = 2147483647;
			files = (
				763307421E65929800E695A3 /* CalculatorUITests.swift in Sources */,
			);
			runOnlyForDeploymentPostprocessing = 0;
		};
/* End PBXSourcesBuildPhase section */

/* Begin PBXTargetDependency section */
		763307341E65929800E695A3 /* PBXTargetDependency */ = {
			isa = PBXTargetDependency;
			target = 7633071D1E65929800E695A3 /* Calculator */;
			targetProxy = 763307331E65929800E695A3 /* PBXContainerItemProxy */;
		};
		7633073F1E65929800E695A3 /* PBXTargetDependency */ = {
			isa = PBXTargetDependency;
			target = 7633071D1E65929800E695A3 /* Calculator */;
			targetProxy = 7633073E1E65929800E695A3 /* PBXContainerItemProxy */;
		};
/* End PBXTargetDependency section */

/* Begin PBXVariantGroup section */
		F19B967C1E85A325007CC490 /* LaunchScreen.storyboard */ = {
			isa = PBXVariantGroup;
			children = (
				F19B967D1E85A325007CC490 /* Base */,
			);
			name = LaunchScreen.storyboard;
			sourceTree = "<group>";
		};
		F1B049861E89C76500CA38D8 /* Main.storyboard */ = {
			isa = PBXVariantGroup;
			children = (
				F1B049871E89C76500CA38D8 /* Base */,
			);
			name = Main.storyboard;
			sourceTree = "<group>";
		};
/* End PBXVariantGroup section */

/* Begin XCBuildConfiguration section */
		763307441E65929800E695A3 /* Debug */ = {
			isa = XCBuildConfiguration;
			buildSettings = {
				ALWAYS_SEARCH_USER_PATHS = NO;
				CLANG_CXX_LANGUAGE_STANDARD = "gnu++0x";
				CLANG_CXX_LIBRARY = "libc++";
				CLANG_ENABLE_MODULES = YES;
				CLANG_ENABLE_OBJC_ARC = YES;
				CLANG_WARN_BOOL_CONVERSION = YES;
				CLANG_WARN_CONSTANT_CONVERSION = YES;
				CLANG_WARN_DIRECT_OBJC_ISA_USAGE = YES_ERROR;
				CLANG_WARN_EMPTY_BODY = YES;
				CLANG_WARN_ENUM_CONVERSION = YES;
				CLANG_WARN_INFINITE_RECURSION = YES;
				CLANG_WARN_INT_CONVERSION = YES;
				CLANG_WARN_OBJC_ROOT_CLASS = YES_ERROR;
				CLANG_WARN_SUSPICIOUS_MOVE = YES;
				CLANG_WARN_UNREACHABLE_CODE = YES;
				CLANG_WARN__DUPLICATE_METHOD_MATCH = YES;
				"CODE_SIGN_IDENTITY[sdk=iphoneos*]" = "iPhone Developer";
				COPY_PHASE_STRIP = NO;
				DEBUG_INFORMATION_FORMAT = dwarf;
				ENABLE_STRICT_OBJC_MSGSEND = YES;
				ENABLE_TESTABILITY = YES;
				GCC_C_LANGUAGE_STANDARD = gnu99;
				GCC_DYNAMIC_NO_PIC = NO;
				GCC_NO_COMMON_BLOCKS = YES;
				GCC_OPTIMIZATION_LEVEL = 0;
				GCC_PREPROCESSOR_DEFINITIONS = (
					"DEBUG=1",
					"$(inherited)",
				);
				GCC_WARN_64_TO_32_BIT_CONVERSION = YES;
				GCC_WARN_ABOUT_RETURN_TYPE = YES_ERROR;
				GCC_WARN_UNDECLARED_SELECTOR = YES;
				GCC_WARN_UNINITIALIZED_AUTOS = YES_AGGRESSIVE;
				GCC_WARN_UNUSED_FUNCTION = YES;
				GCC_WARN_UNUSED_VARIABLE = YES;
				IPHONEOS_DEPLOYMENT_TARGET = 9.2;
				MTL_ENABLE_DEBUG_INFO = YES;
				ONLY_ACTIVE_ARCH = YES;
				SDKROOT = iphoneos;
				SWIFT_OPTIMIZATION_LEVEL = "-Onone";
				TARGETED_DEVICE_FAMILY = "1,2";
			};
			name = Debug;
		};
		763307451E65929800E695A3 /* Release */ = {
			isa = XCBuildConfiguration;
			buildSettings = {
				ALWAYS_SEARCH_USER_PATHS = NO;
				CLANG_CXX_LANGUAGE_STANDARD = "gnu++0x";
				CLANG_CXX_LIBRARY = "libc++";
				CLANG_ENABLE_MODULES = YES;
				CLANG_ENABLE_OBJC_ARC = YES;
				CLANG_WARN_BOOL_CONVERSION = YES;
				CLANG_WARN_CONSTANT_CONVERSION = YES;
				CLANG_WARN_DIRECT_OBJC_ISA_USAGE = YES_ERROR;
				CLANG_WARN_EMPTY_BODY = YES;
				CLANG_WARN_ENUM_CONVERSION = YES;
				CLANG_WARN_INFINITE_RECURSION = YES;
				CLANG_WARN_INT_CONVERSION = YES;
				CLANG_WARN_OBJC_ROOT_CLASS = YES_ERROR;
				CLANG_WARN_SUSPICIOUS_MOVE = YES;
				CLANG_WARN_UNREACHABLE_CODE = YES;
				CLANG_WARN__DUPLICATE_METHOD_MATCH = YES;
				"CODE_SIGN_IDENTITY[sdk=iphoneos*]" = "iPhone Developer";
				COPY_PHASE_STRIP = NO;
				DEBUG_INFORMATION_FORMAT = "dwarf-with-dsym";
				ENABLE_NS_ASSERTIONS = NO;
				ENABLE_STRICT_OBJC_MSGSEND = YES;
				GCC_C_LANGUAGE_STANDARD = gnu99;
				GCC_NO_COMMON_BLOCKS = YES;
				GCC_WARN_64_TO_32_BIT_CONVERSION = YES;
				GCC_WARN_ABOUT_RETURN_TYPE = YES_ERROR;
				GCC_WARN_UNDECLARED_SELECTOR = YES;
				GCC_WARN_UNINITIALIZED_AUTOS = YES_AGGRESSIVE;
				GCC_WARN_UNUSED_FUNCTION = YES;
				GCC_WARN_UNUSED_VARIABLE = YES;
				IPHONEOS_DEPLOYMENT_TARGET = 9.2;
				MTL_ENABLE_DEBUG_INFO = NO;
				SDKROOT = iphoneos;
				SWIFT_OPTIMIZATION_LEVEL = "-Owholemodule";
				TARGETED_DEVICE_FAMILY = "1,2";
				VALIDATE_PRODUCT = YES;
			};
			name = Release;
		};
		763307471E65929800E695A3 /* Debug */ = {
			isa = XCBuildConfiguration;
			buildSettings = {
				ASSETCATALOG_COMPILER_APPICON_NAME = AppIcon;
				INFOPLIST_FILE = Calculator/Info.plist;
				LD_RUNPATH_SEARCH_PATHS = "$(inherited) @executable_path/Frameworks";
				PRODUCT_BUNDLE_IDENTIFIER = org.efrei.Calculator;
				PRODUCT_NAME = "$(TARGET_NAME)";
				SWIFT_VERSION = 3.0;
			};
			name = Debug;
		};
		763307481E65929800E695A3 /* Release */ = {
			isa = XCBuildConfiguration;
			buildSettings = {
				ASSETCATALOG_COMPILER_APPICON_NAME = AppIcon;
				INFOPLIST_FILE = Calculator/Info.plist;
				LD_RUNPATH_SEARCH_PATHS = "$(inherited) @executable_path/Frameworks";
				PRODUCT_BUNDLE_IDENTIFIER = org.efrei.Calculator;
				PRODUCT_NAME = "$(TARGET_NAME)";
				SWIFT_VERSION = 3.0;
			};
			name = Release;
		};
		7633074A1E65929800E695A3 /* Debug */ = {
			isa = XCBuildConfiguration;
			buildSettings = {
				BUNDLE_LOADER = "$(TEST_HOST)";
				INFOPLIST_FILE = CalculatorTests/Info.plist;
				LD_RUNPATH_SEARCH_PATHS = "$(inherited) @executable_path/Frameworks @loader_path/Frameworks";
				PRODUCT_BUNDLE_IDENTIFIER = org.efrei.CalculatorTests;
				PRODUCT_NAME = "$(TARGET_NAME)";
				SWIFT_VERSION = 3.0;
				TEST_HOST = "$(BUILT_PRODUCTS_DIR)/Calculator.app/Calculator";
			};
			name = Debug;
		};
		7633074B1E65929800E695A3 /* Release */ = {
			isa = XCBuildConfiguration;
			buildSettings = {
				BUNDLE_LOADER = "$(TEST_HOST)";
				INFOPLIST_FILE = CalculatorTests/Info.plist;
				LD_RUNPATH_SEARCH_PATHS = "$(inherited) @executable_path/Frameworks @loader_path/Frameworks";
				PRODUCT_BUNDLE_IDENTIFIER = org.efrei.CalculatorTests;
				PRODUCT_NAME = "$(TARGET_NAME)";
				SWIFT_VERSION = 3.0;
				TEST_HOST = "$(BUILT_PRODUCTS_DIR)/Calculator.app/Calculator";
			};
			name = Release;
		};
		7633074D1E65929800E695A3 /* Debug */ = {
			isa = XCBuildConfiguration;
			buildSettings = {
				INFOPLIST_FILE = CalculatorUITests/Info.plist;
				LD_RUNPATH_SEARCH_PATHS = "$(inherited) @executable_path/Frameworks @loader_path/Frameworks";
				PRODUCT_BUNDLE_IDENTIFIER = org.efrei.CalculatorUITests;
				PRODUCT_NAME = "$(TARGET_NAME)";
				SWIFT_VERSION = 3.0;
				TEST_TARGET_NAME = Calculator;
				USES_XCTRUNNER = YES;
			};
			name = Debug;
		};
		7633074E1E65929800E695A3 /* Release */ = {
			isa = XCBuildConfiguration;
			buildSettings = {
				INFOPLIST_FILE = CalculatorUITests/Info.plist;
				LD_RUNPATH_SEARCH_PATHS = "$(inherited) @executable_path/Frameworks @loader_path/Frameworks";
				PRODUCT_BUNDLE_IDENTIFIER = org.efrei.CalculatorUITests;
				PRODUCT_NAME = "$(TARGET_NAME)";
				SWIFT_VERSION = 3.0;
				TEST_TARGET_NAME = Calculator;
				USES_XCTRUNNER = YES;
			};
			name = Release;
		};
/* End XCBuildConfiguration section */

/* Begin XCConfigurationList section */
		763307191E65929700E695A3 /* Build configuration list for PBXProject "Calculator" */ = {
			isa = XCConfigurationList;
			buildConfigurations = (
				763307441E65929800E695A3 /* Debug */,
				763307451E65929800E695A3 /* Release */,
			);
			defaultConfigurationIsVisible = 0;
			defaultConfigurationName = Release;
		};
		763307461E65929800E695A3 /* Build configuration list for PBXNativeTarget "Calculator" */ = {
			isa = XCConfigurationList;
			buildConfigurations = (
				763307471E65929800E695A3 /* Debug */,
				763307481E65929800E695A3 /* Release */,
			);
			defaultConfigurationIsVisible = 0;
			defaultConfigurationName = Release;
		};
		763307491E65929800E695A3 /* Build configuration list for PBXNativeTarget "CalculatorTests" */ = {
			isa = XCConfigurationList;
			buildConfigurations = (
				7633074A1E65929800E695A3 /* Debug */,
				7633074B1E65929800E695A3 /* Release */,
			);
			defaultConfigurationIsVisible = 0;
			defaultConfigurationName = Release;
		};
		7633074C1E65929800E695A3 /* Build configuration list for PBXNativeTarget "CalculatorUITests" */ = {
			isa = XCConfigurationList;
			buildConfigurations = (
				7633074D1E65929800E695A3 /* Debug */,
				7633074E1E65929800E695A3 /* Release */,
			);
			defaultConfigurationIsVisible = 0;
			defaultConfigurationName = Release;
		};
/* End XCConfigurationList section */
	};
	rootObject = 763307161E65929700E695A3 /* Project object */;
}
